
Microsoft Visual Studio Solution File, Format Version 12.00
# Visual Studio Version 16
VisualStudioVersion = 16.0.30523.141
MinimumVisualStudioVersion = 10.0.40219.1
Project("{FAE04EC0-301F-11D3-BF4B-00C04F79EFBC}") = "Calculadora Basica", "Calculadora Basica\Calculadora Basica.csproj", "{0E70BEE9-BB65-48C5-8550-2F9A355667BC}"
EndProject
Global
	GlobalSection(SolutionConfigurationPlatforms) = preSolution
		Debug|Any CPU = Debug|Any CPU
		Release|Any CPU = Release|Any CPU
	EndGlobalSection
	GlobalSection(ProjectConfigurationPlatforms) = postSolution
		{0E70BEE9-BB65-48C5-8550-2F9A355667BC}.Debug|Any CPU.ActiveCfg = Debug|Any CPU
		{0E70BEE9-BB65-48C5-8550-2F9A355667BC}.Debug|Any CPU.Build.0 = Debug|Any CPU
		{0E70BEE9-BB65-48C5-8550-2F9A355667BC}.Release|Any CPU.ActiveCfg = Release|Any CPU
		{0E70BEE9-BB65-48C5-8550-2F9A355667BC}.Release|Any CPU.Build.0 = Release|Any CPU
	EndGlobalSection
	GlobalSection(SolutionProperties) = preSolution
		HideSolutionNode = FALSE
	EndGlobalSection
	GlobalSection(ExtensibilityGlobals) = postSolution
		SolutionGuid = {FE2757CE-E3A5-4778-8B02-E5E97AA36F52}
	EndGlobalSection
EndGlobal
